Microsoft Visual Studio Solution File, Format Version 12.00
# Visual Studio Version 17
VisualStudioVersion = 17.0.31903.59
MinimumVisualStudioVersion = 10.0.40219.1
Project("{9A19103F-16F7-4668-BE54-9A1E7A4F7556}") = "Calculator", "src\Calculator\Calculator.csproj", "{A1B2C3D4-E5F6-7890-ABCD-EF1234567890}"
EndProject
Project("{9A19103F-16F7-4668-BE54-9A1E7A4F7556}") = "Calculator.Console", "src\Calculator.Console\Calculator.Console.csproj", "{F91E2B00-E5BE-4139-B6BB-5BE684816F90}"
EndProject
Project("{9A19103F-16F7-4668-BE54-9A1E7A4F7556}") = "Calculator.Tests", "tests\Calculator.Tests\Calculator.Tests.csproj", "{20D02300-2152-493C-9A79-F8CA23ED0003}"
EndProject
Global
	GlobalSection(SolutionConfigurationPlatforms) = preSolution
		Debug|Any CPU = Debug|Any CPU
		Release|Any CPU = Release|Any CPU
	EndGlobalSection
	GlobalSection(ProjectConfigurationPlatforms) = postSolution
		{A1B2C3D4-E5F6-7890-ABCD-EF1234567890}.Debug|Any CPU.ActiveCfg = Debug|Any CPU
		{A1B2C3D4-E5F6-7890-ABCD-EF1234567890}.Debug|Any CPU.Build.0 = Debug|Any CPU
		{A1B2C3D4-E5F6-7890-ABCD-EF1234567890}.Release|Any CPU.ActiveCfg = Release|Any CPU
		{A1B2C3D4-E5F6-7890-ABCD-EF1234567890}.Release|Any CPU.Build.0 = Release|Any CPU
		{F91E2B00-E5BE-4139-B6BB-5BE684816F90}.Debug|Any CPU.ActiveCfg = Debug|Any CPU
		{F91E2B00-E5BE-4139-B6BB-5BE684816F90}.Debug|Any CPU.Build.0 = Debug|Any CPU
		{F91E2B00-E5BE-4139-B6BB-5BE684816F90}.Release|Any CPU.ActiveCfg = Release|Any CPU
		{F91E2B00-E5BE-4139-B6BB-5BE684816F90}.Release|Any CPU.Build.0 = Release|Any CPU
		{20D02300-2152-493C-9A79-F8CA23ED0003}.Debug|Any CPU.ActiveCfg = Debug|Any CPU
		{20D02300-2152-493C-9A79-F8CA23ED0003}.Debug|Any CPU.Build.0 = Debug|Any CPU
		{20D02300-2152-493C-9A79-F8CA23ED0003}.Release|Any CPU.ActiveCfg = Release|Any CPU
		{20D02300-2152-493C-9A79-F8CA23ED0003}.Release|Any CPU.Build.0 = Release|Any CPU
	EndGlobalSection
	GlobalSection(SolutionProperties) = preSolution
		HideSolutionNode = FALSE
	EndGlobalSection
EndGlobal
